
Microsoft Visual Studio Solution File, Format Version 12.00
# Visual Studio Version 17
VisualStudioVersion = 17.0.31903.59
MinimumVisualStudioVersion = 10.0.40219.1
Project("{FAE04EC0-301F-11D3-BF4B-00C04F79EFBC}") = "Orders.API", "Orders.API\Orders.API.csproj", "{ED5018B9-DDE7-4460-9224-A401D475EB2A}"
EndProject
Project("{FAE04EC0-301F-11D3-BF4B-00C04F79EFBC}") = "Orders.Domain", "Orders.Domain\Orders.Domain.csproj", "{5C48A1D7-6E2A-4E43-ABC5-8D5EB7812FC8}"
EndProject
Project("{FAE04EC0-301F-11D3-BF4B-00C04F79EFBC}") = "Orders.Application", "Orders.Application\Orders.Application.csproj", "{EF269C7C-B0AF-45D8-8F9C-446FD3ABCA8B}"
EndProject
Project("{FAE04EC0-301F-11D3-BF4B-00C04F79EFBC}") = "Orders.Infrastructure", "Orders.Infrastructure\Orders.Infrastructure.csproj", "{2C3A0795-A738-460D-9243-EA9F42644BC9}"
EndProject
Project("{FAE04EC0-301F-11D3-BF4B-00C04F79EFBC}") = "Inventory.API", "Inventory.API\Inventory.API.csproj", "{413CEE62-EBF1-432B-B7A5-43BE1793E95E}"
EndProject
Project("{FAE04EC0-301F-11D3-BF4B-00C04F79EFBC}") = "Inventory.Domain", "Inventory.Domain\Inventory.Domain.csproj", "{4A4B6CE2-B2D3-4E72-B369-94BA428217D9}"
EndProject
Project("{FAE04EC0-301F-11D3-BF4B-00C04F79EFBC}") = "Inventory.Application", "Inventory.Application\Inventory.Application.csproj", "{3D18B096-C553-4C18-8572-3D5736EEB312}"
EndProject
Project("{FAE04EC0-301F-11D3-BF4B-00C04F79EFBC}") = "Inventory.Infrastructure", "Inventory.Infrastructure\Inventory.Infrastructure.csproj", "{F9569BD0-9D61-4BAA-B6CA-02C3CE540CA9}"
EndProject
Project("{FAE04EC0-301F-11D3-BF4B-00C04F79EFBC}") = "Shared.Events", "Shared.Events\Shared.Events.csproj", "{385BA399-9CC1-4E06-968C-1D4BE29A21A2}"
EndProject
Global
	GlobalSection(SolutionConfigurationPlatforms) = preSolution
		Debug|Any CPU = Debug|Any CPU
		Debug|x64 = Debug|x64
		Debug|x86 = Debug|x86
		Release|Any CPU = Release|Any CPU
		Release|x64 = Release|x64
		Release|x86 = Release|x86
	EndGlobalSection
	GlobalSection(ProjectConfigurationPlatforms) = postSolution
		{ED5018B9-DDE7-4460-9224-A401D475EB2A}.Debug|Any CPU.ActiveCfg = Debug|Any CPU
		{ED5018B9-DDE7-4460-9224-A401D475EB2A}.Debug|Any CPU.Build.0 = Debug|Any CPU
		{ED5018B9-DDE7-4460-9224-A401D475EB2A}.Debug|x64.ActiveCfg = Debug|Any CPU
		{ED5018B9-DDE7-4460-9224-A401D475EB2A}.Debug|x64.Build.0 = Debug|Any CPU
		{ED5018B9-DDE7-4460-9224-A401D475EB2A}.Debug|x86.ActiveCfg = Debug|Any CPU
		{ED5018B9-DDE7-4460-9224-A401D475EB2A}.Debug|x86.Build.0 = Debug|Any CPU
		{ED5018B9-DDE7-4460-9224-A401D475EB2A}.Release|Any CPU.ActiveCfg = Release|Any CPU
		{ED5018B9-DDE7-4460-9224-A401D475EB2A}.Release|Any CPU.Build.0 = Release|Any CPU
		{ED5018B9-DDE7-4460-9224-A401D475EB2A}.Release|x64.ActiveCfg = Release|Any CPU
		{ED5018B9-DDE7-4460-9224-A401D475EB2A}.Release|x64.Build.0 = Release|Any CPU
		{ED5018B9-DDE7-4460-9224-A401D475EB2A}.Release|x86.ActiveCfg = Release|Any CPU
		{ED5018B9-DDE7-4460-9224-A401D475EB2A}.Release|x86.Build.0 = Release|Any CPU
		{5C48A1D7-6E2A-4E43-ABC5-8D5EB7812FC8}.Debug|Any CPU.ActiveCfg = Debug|Any CPU
		{5C48A1D7-6E2A-4E43-ABC5-8D5EB7812FC8}.Debug|Any CPU.Build.0 = Debug|Any CPU
		{5C48A1D7-6E2A-4E43-ABC5-8D5EB7812FC8}.Debug|x64.ActiveCfg = Debug|Any CPU
		{5C48A1D7-6E2A-4E43-ABC5-8D5EB7812FC8}.Debug|x64.Build.0 = Debug|Any CPU
		{5C48A1D7-6E2A-4E43-ABC5-8D5EB7812FC8}.Debug|x86.ActiveCfg = Debug|Any CPU
		{5C48A1D7-6E2A-4E43-ABC5-8D5EB7812FC8}.Debug|x86.Build.0 = Debug|Any CPU
		{5C48A1D7-6E2A-4E43-ABC5-8D5EB7812FC8}.Release|Any CPU.ActiveCfg = Release|Any CPU
		{5C48A1D7-6E2A-4E43-ABC5-8D5EB7812FC8}.Release|Any CPU.Build.0 = Release|Any CPU
		{5C48A1D7-6E2A-4E43-ABC5-8D5EB7812FC8}.Release|x64.ActiveCfg = Release|Any CPU
		{5C48A1D7-6E2A-4E43-ABC5-8D5EB7812FC8}.Release|x64.Build.0 = Release|Any CPU
		{5C48A1D7-6E2A-4E43-ABC5-8D5EB7812FC8}.Release|x86.ActiveCfg = Release|Any CPU
		{5C48A1D7-6E2A-4E43-ABC5-8D5EB7812FC8}.Release|x86.Build.0 = Release|Any CPU
		{EF269C7C-B0AF-45D8-8F9C-446FD3ABCA8B}.Debug|Any CPU.ActiveCfg = Debug|Any CPU
		{EF269C7C-B0AF-45D8-8F9C-446FD3ABCA8B}.Debug|Any CPU.Build.0 = Debug|Any CPU
		{EF269C7C-B0AF-45D8-8F9C-446FD3ABCA8B}.Debug|x64.ActiveCfg = Debug|Any CPU
		{EF269C7C-B0AF-45D8-8F9C-446FD3ABCA8B}.Debug|x64.Build.0 = Debug|Any CPU
		{EF269C7C-B0AF-45D8-8F9C-446FD3ABCA8B}.Debug|x86.ActiveCfg = Debug|Any CPU
		{EF269C7C-B0AF-45D8-8F9C-446FD3ABCA8B}.Debug|x86.Build.0 = Debug|Any CPU
		{EF269C7C-B0AF-45D8-8F9C-446FD3ABCA8B}.Release|Any CPU.ActiveCfg = Release|Any CPU
		{EF269C7C-B0AF-45D8-8F9C-446FD3ABCA8B}.Release|Any CPU.Build.0 = Release|Any CPU
		{EF269C7C-B0AF-45D8-8F9C-446FD3ABCA8B}.Release|x64.ActiveCfg = Release|Any CPU
		{EF269C7C-B0AF-45D8-8F9C-446FD3ABCA8B}.Release|x64.Build.0 = Release|Any CPU
		{EF269C7C-B0AF-45D8-8F9C-446FD3ABCA8B}.Release|x86.ActiveCfg = Release|Any CPU
		{EF269C7C-B0AF-45D8-8F9C-446FD3ABCA8B}.Release|x86.Build.0 = Release|Any CPU
		{2C3A0795-A738-460D-9243-EA9F42644BC9}.Debug|Any CPU.ActiveCfg = Debug|Any CPU
		{2C3A0795-A738-460D-9243-EA9F42644BC9}.Debug|Any CPU.Build.0 = Debug|Any CPU
		{2C3A0795-A738-460D-9243-EA9F42644BC9}.Debug|x64.ActiveCfg = Debug|Any CPU
		{2C3A0795-A738-460D-9243-EA9F42644BC9}.Debug|x64.Build.0 = Debug|Any CPU
		{2C3A0795-A738-460D-9243-EA9F42644BC9}.Debug|x86.ActiveCfg = Debug|Any CPU
		{2C3A0795-A738-460D-9243-EA9F42644BC9}.Debug|x86.Build.0 = Debug|Any CPU
		{2C3A0795-A738-460D-9243-EA9F42644BC9}.Release|Any CPU.ActiveCfg = Release|Any CPU
		{2C3A0795-A738-460D-9243-EA9F42644BC9}.Release|Any CPU.Build.0 = Release|Any CPU
		{2C3A0795-A738-460D-9243-EA9F42644BC9}.Release|x64.ActiveCfg = Release|Any CPU
		{2C3A0795-A738-460D-9243-EA9F42644BC9}.Release|x64.Build.0 = Release|Any CPU
		{2C3A0795-A738-460D-9243-EA9F42644BC9}.Release|x86.ActiveCfg = Release|Any CPU
		{2C3A0795-A738-460D-9243-EA9F42644BC9}.Release|x86.Build.0 = Release|Any CPU
		{413CEE62-EBF1-432B-B7A5-43BE1793E95E}.Debug|Any CPU.ActiveCfg = Debug|Any CPU
		{413CEE62-EBF1-432B-B7A5-43BE1793E95E}.Debug|Any CPU.Build.0 = Debug|Any CPU
		{413CEE62-EBF1-432B-B7A5-43BE1793E95E}.Debug|x64.ActiveCfg = Debug|Any CPU
		{413CEE62-EBF1-432B-B7A5-43BE1793E95E}.Debug|x64.Build.0 = Debug|Any CPU
		{413CEE62-EBF1-432B-B7A5-43BE1793E95E}.Debug|x86.ActiveCfg = Debug|Any CPU
		{413CEE62-EBF1-432B-B7A5-43BE1793E95E}.Debug|x86.Build.0 = Debug|Any CPU
		{413CEE62-EBF1-432B-B7A5-43BE1793E95E}.Release|Any CPU.ActiveCfg = Release|Any CPU
		{413CEE62-EBF1-432B-B7A5-43BE1793E95E}.Release|Any CPU.Build.0 = Release|Any CPU
		{413CEE62-EBF1-432B-B7A5-43BE1793E95E}.Release|x64.ActiveCfg = Release|Any CPU
		{413CEE62-EBF1-432B-B7A5-43BE1793E95E}.Release|x64.Build.0 = Release|Any CPU
		{413CEE62-EBF1-432B-B7A5-43BE1793E95E}.Release|x86.ActiveCfg = Release|Any CPU
		{413CEE62-EBF1-432B-B7A5-43BE1793E95E}.Release|x86.Build.0 = Release|Any CPU
		{4A4B6CE2-B2D3-4E72-B369-94BA428217D9}.Debug|Any CPU.ActiveCfg = Debug|Any CPU
		{4A4B6CE2-B2D3-4E72-B369-94BA428217D9}.Debug|Any CPU.Build.0 = Debug|Any CPU
		{4A4B6CE2-B2D3-4E72-B369-94BA428217D9}.Debug|x64.ActiveCfg = Debug|Any CPU
		{4A4B6CE2-B2D3-4E72-B369-94BA428217D9}.Debug|x64.Build.0 = Debug|Any CPU
		{4A4B6CE2-B2D3-4E72-B369-94BA428217D9}.Debug|x86.ActiveCfg = Debug|Any CPU
		{4A4B6CE2-B2D3-4E72-B369-94BA428217D9}.Debug|x86.Build.0 = Debug|Any CPU
		{4A4B6CE2-B2D3-4E72-B369-94BA428217D9}.Release|Any CPU.ActiveCfg = Release|Any CPU
		{4A4B6CE2-B2D3-4E72-B369-94BA428217D9}.Release|Any CPU.Build.0 = Release|Any CPU
		{4A4B6CE2-B2D3-4E72-B369-94BA428217D9}.Release|x64.ActiveCfg = Release|Any CPU
		{4A4B6CE2-B2D3-4E72-B369-94BA428217D9}.Release|x64.Build.0 = Release|Any CPU
		{4A4B6CE2-B2D3-4E72-B369-94BA428217D9}.Release|x86.ActiveCfg = Release|Any CPU
		{4A4B6CE2-B2D3-4E72-B369-94BA428217D9}.Release|x86.Build.0 = Release|Any CPU
		{3D18B096-C553-4C18-8572-3D5736EEB312}.Debug|Any CPU.ActiveCfg = Debug|Any CPU
		{3D18B096-C553-4C18-8572-3D5736EEB312}.Debug|Any CPU.Build.0 = Debug|Any CPU
		{3D18B096-C553-4C18-8572-3D5736EEB312}.Debug|x64.ActiveCfg = Debug|Any CPU
		{3D18B096-C553-4C18-8572-3D5736EEB312}.Debug|x64.Build.0 = Debug|Any CPU
		{3D18B096-C553-4C18-8572-3D5736EEB312}.Debug|x86.ActiveCfg = Debug|Any CPU
		{3D18B096-C553-4C18-8572-3D5736EEB312}.Debug|x86.Build.0 = Debug|Any CPU
		{3D18B096-C553-4C18-8572-3D5736EEB312}.Release|Any CPU.ActiveCfg = Release|Any CPU
		{3D18B096-C553-4C18-8572-3D5736EEB312}.Release|Any CPU.Build.0 = Release|Any CPU
		{3D18B096-C553-4C18-8572-3D5736EEB312}.Release|x64.ActiveCfg = Release|Any CPU
		{3D18B096-C553-4C18-8572-3D5736EEB312}.Release|x64.Build.0 = Release|Any CPU
		{3D18B096-C553-4C18-8572-3D5736EEB312}.Release|x86.ActiveCfg = Release|Any CPU
		{3D18B096-C553-4C18-8572-3D5736EEB312}.Release|x86.Build.0 = Release|Any CPU
		{F9569BD0-9D61-4BAA-B6CA-02C3CE540CA9}.Debug|Any CPU.ActiveCfg = Debug|Any CPU
		{F9569BD0-9D61-4BAA-B6CA-02C3CE540CA9}.Debug|Any CPU.Build.0 = Debug|Any CPU
		{F9569BD0-9D61-4BAA-B6CA-02C3CE540CA9}.Debug|x64.ActiveCfg = Debug|Any CPU
		{F9569BD0-9D61-4BAA-B6CA-02C3CE540CA9}.Debug|x64.Build.0 = Debug|Any CPU
		{F9569BD0-9D61-4BAA-B6CA-02C3CE540CA9}.Debug|x86.ActiveCfg = Debug|Any CPU
		{F9569BD0-9D61-4BAA-B6CA-02C3CE540CA9}.Debug|x86.Build.0 = Debug|Any CPU
		{F9569BD0-9D61-4BAA-B6CA-02C3CE540CA9}.Release|Any CPU.ActiveCfg = Release|Any CPU
		{F9569BD0-9D61-4BAA-B6CA-02C3CE540CA9}.Release|Any CPU.Build.0 = Release|Any CPU
		{F9569BD0-9D61-4BAA-B6CA-02C3CE540CA9}.Release|x64.ActiveCfg = Release|Any CPU
		{F9569BD0-9D61-4BAA-B6CA-02C3CE540CA9}.Release|x64.Build.0 = Release|Any CPU
		{F9569BD0-9D61-4BAA-B6CA-02C3CE540CA9}.Release|x86.ActiveCfg = Release|Any CPU
		{F9569BD0-9D61-4BAA-B6CA-02C3CE540CA9}.Release|x86.Build.0 = Release|Any CPU
		{385BA399-9CC1-4E06-968C-1D4BE29A21A2}.Debug|Any CPU.ActiveCfg = Debug|Any CPU
		{385BA399-9CC1-4E06-968C-1D4BE29A21A2}.Debug|Any CPU.Build.0 = Debug|Any CPU
		{385BA399-9CC1-4E06-968C-1D4BE29A21A2}.Debug|x64.ActiveCfg = Debug|Any CPU
		{385BA399-9CC1-4E06-968C-1D4BE29A21A2}.Debug|x64.Build.0 = Debug|Any CPU
		{385BA399-9CC1-4E06-968C-1D4BE29A21A2}.Debug|x86.ActiveCfg = Debug|Any CPU
		{385BA399-9CC1-4E06-968C-1D4BE29A21A2}.Debug|x86.Build.0 = Debug|Any CPU
		{385BA399-9CC1-4E06-968C-1D4BE29A21A2}.Release|Any CPU.ActiveCfg = Release|Any CPU
		{385BA399-9CC1-4E06-968C-1D4BE29A21A2}.Release|Any CPU.Build.0 = Release|Any CPU
		{385BA399-9CC1-4E06-968C-1D4BE29A21A2}.Release|x64.ActiveCfg = Release|Any CPU
		{385BA399-9CC1-4E06-968C-1D4BE29A21A2}.Release|x64.Build.0 = Release|Any CPU
		{385BA399-9CC1-4E06-968C-1D4BE29A21A2}.Release|x86.ActiveCfg = Release|Any CPU
		{385BA399-9CC1-4E06-968C-1D4BE29A21A2}.Release|x86.Build.0 = Release|Any CPU
	EndGlobalSection
	GlobalSection(SolutionProperties) = preSolution
		HideSolutionNode = FALSE
	EndGlobalSection
EndGlobal
